
Microsoft Visual Studio Solution File, Format Version 12.00
# Visual Studio Version 17
VisualStudioVersion = 17.5.33627.172
MinimumVisualStudioVersion = 10.0.40219.1
Project("{FAE04EC0-301F-11D3-BF4B-00C04F79EFBC}") = "Arrays_1", "Arrays\Arrays_1.csproj", "{7D245B2E-5327-4C5A-99D8-636BA6489286}"
EndProject
Project("{FAE04EC0-301F-11D3-BF4B-00C04F79EFBC}") = "Arrays_2", "Arrays_2\Arrays_2.csproj", "{FB6DFFF7-1F56-4962-B303-77ED508ED494}"
EndProject
Project("{FAE04EC0-301F-11D3-BF4B-00C04F79EFBC}") = "Arrays_3", "Array_3\Arrays_3.csproj", "{21BF23BB-FFBF-47FA-A200-0602F5E5EF1C}"
EndProject
Project("{FAE04EC0-301F-11D3-BF4B-00C04F79EFBC}") = "Arrays_5", "Arrays_5\Arrays_5.csproj", "{17646978-69A6-4DA0-9351-127AEEE0F38A}"
EndProject
Global
	GlobalSection(SolutionConfigurationPlatforms) = preSolution
		Debug|Any CPU = Debug|Any CPU
		Release|Any CPU = Release|Any CPU
	EndGlobalSection
	GlobalSection(ProjectConfigurationPlatforms) = postSolution
		{7D245B2E-5327-4C5A-99D8-636BA6489286}.Debug|Any CPU.ActiveCfg = Debug|Any CPU
		{7D245B2E-5327-4C5A-99D8-636BA6489286}.Debug|Any CPU.Build.0 = Debug|Any CPU
		{7D245B2E-5327-4C5A-99D8-636BA6489286}.Release|Any CPU.ActiveCfg = Release|Any CPU
		{7D245B2E-5327-4C5A-99D8-636BA6489286}.Release|Any CPU.Build.0 = Release|Any CPU
		{FB6DFFF7-1F56-4962-B303-77ED508ED494}.Debug|Any CPU.ActiveCfg = Debug|Any CPU
		{FB6DFFF7-1F56-4962-B303-77ED508ED494}.Debug|Any CPU.Build.0 = Debug|Any CPU
		{FB6DFFF7-1F56-4962-B303-77ED508ED494}.Release|Any CPU.ActiveCfg = Release|Any CPU
		{FB6DFFF7-1F56-4962-B303-77ED508ED494}.Release|Any CPU.Build.0 = Release|Any CPU
		{21BF23BB-FFBF-47FA-A200-0602F5E5EF1C}.Debug|Any CPU.ActiveCfg = Debug|Any CPU
		{21BF23BB-FFBF-47FA-A200-0602F5E5EF1C}.Debug|Any CPU.Build.0 = Debug|Any CPU
		{21BF23BB-FFBF-47FA-A200-0602F5E5EF1C}.Release|Any CPU.ActiveCfg = Release|Any CPU
		{21BF23BB-FFBF-47FA-A200-0602F5E5EF1C}.Release|Any CPU.Build.0 = Release|Any CPU
		{17646978-69A6-4DA0-9351-127AEEE0F38A}.Debug|Any CPU.ActiveCfg = Debug|Any CPU
		{17646978-69A6-4DA0-9351-127AEEE0F38A}.Debug|Any CPU.Build.0 = Debug|Any CPU
		{17646978-69A6-4DA0-9351-127AEEE0F38A}.Release|Any CPU.ActiveCfg = Release|Any CPU
		{17646978-69A6-4DA0-9351-127AEEE0F38A}.Release|Any CPU.Build.0 = Release|Any CPU
	EndGlobalSection
	GlobalSection(SolutionProperties) = preSolution
		HideSolutionNode = FALSE
	EndGlobalSection
	GlobalSection(ExtensibilityGlobals) = postSolution
		SolutionGuid = {65656A1F-87DE-4A0C-BB2C-B632E6A82AF6}
	EndGlobalSection
EndGlobal
